# This file is automatically @generated by Cargo.
# It is not intended for manual editing.
version = 3

[[package]]
name = "boyer-moore-magiclen"
version = "0.2.20"
source = "registry+https://github.com/rust-lang/crates.io-index"
checksum = "95e6233f2d926b5b123caf9d58e3885885255567fbe7776a7fdcae2a4d7241c4"
dependencies = [
 "debug-helper",
]

[[package]]
name = "debug-helper"
version = "0.3.13"
source = "registry+https://github.com/rust-lang/crates.io-index"
checksum = "f578e8e2c440e7297e008bb5486a3a8a194775224bbc23729b0dbdfaeebf162e"

[[package]]
name = "minigrep"
version = "0.1.0"
dependencies = [
 "boyer-moore-magiclen",
]
